// !$*UTF8*$!
{
	archiveVersion = 1;
	classes = {
	};
	objectVersion = 46;
	objects = {

/* Begin PBXBuildFile section */
		A60DBC711ADBC13600D4959D /* info.csv in Resources */ = {isa = PBXBuildFile; fileRef = A60DBC6F1ADBC13600D4959D /* info.csv */; };
		A60DBC721ADBC13600D4959D /* inventory.csv in Resources */ = {isa = PBXBuildFile; fileRef = A60DBC701ADBC13600D4959D /* inventory.csv */; };
		A60DBC741ADC36D600D4959D /* baitcfg.csv in Resources */ = {isa = PBXBuildFile; fileRef = A60DBC731ADC36D600D4959D /* baitcfg.csv */; };
		A60DBC771ADC463400D4959D /* ImportExport.swift in Sources */ = {isa = PBXBuildFile; fileRef = A60DBC761ADC463400D4959D /* ImportExport.swift */; };
		A60DBCB01AE19C3B00D4959D /* getCategories.js in Resources */ = {isa = PBXBuildFile; fileRef = A60DBCAF1AE19C3B00D4959D /* getCategories.js */; };
		A60DBCB21AE1A34E00D4959D /* BTCategory.swift in Sources */ = {isa = PBXBuildFile; fileRef = A60DBCB11AE1A34E00D4959D /* BTCategory.swift */; };
		A60DBCB41AE38AD900D4959D /* BTItemsTableViewController.swift in Sources */ = {isa = PBXBuildFile; fileRef = A60DBCB31AE38AD900D4959D /* BTItemsTableViewController.swift */; };
		A60DBCB61AE38BDA00D4959D /* BTDealerItem.swift in Sources */ = {isa = PBXBuildFile; fileRef = A60DBCB51AE38BDA00D4959D /* BTDealerItem.swift */; };
		A60DBCB81AE38C3400D4959D /* getItems.js in Resources */ = {isa = PBXBuildFile; fileRef = A60DBCB71AE38C3400D4959D /* getItems.js */; };
		A61996C31BECC12600F3BD01 /* InventoryItemView.swift in Sources */ = {isa = PBXBuildFile; fileRef = A61996C21BECC12600F3BD01 /* InventoryItemView.swift */; };
		A61C115C1AE6DBB400063025 /* BTDealerStore.swift in Sources */ = {isa = PBXBuildFile; fileRef = A61C115B1AE6DBB400063025 /* BTDealerStore.swift */; };
		A61C115E1AE6F0F900063025 /* BTMessageDelegate.swift in Sources */ = {isa = PBXBuildFile; fileRef = A61C115D1AE6F0F900063025 /* BTMessageDelegate.swift */; };
		A61C11601AEA217400063025 /* InfoCategoriesTableViewController.swift in Sources */ = {isa = PBXBuildFile; fileRef = A61C115F1AEA217400063025 /* InfoCategoriesTableViewController.swift */; };
		A61C11621AEA219B00063025 /* InfoItemsTableViewController.swift in Sources */ = {isa = PBXBuildFile; fileRef = A61C11611AEA219B00063025 /* InfoItemsTableViewController.swift */; };
		A61C11641AEADCD900063025 /* CollectionStore.swift in Sources */ = {isa = PBXBuildFile; fileRef = A61C11631AEADCD900063025 /* CollectionStore.swift */; };
		A61C11671AEB785B00063025 /* ViewUtilities.swift in Sources */ = {isa = PBXBuildFile; fileRef = A61C11661AEB785B00063025 /* ViewUtilities.swift */; };
		A632CBAC1AEEDBDD00565686 /* getJSItems.js in Resources */ = {isa = PBXBuildFile; fileRef = A632CBAB1AEEDBDD00565686 /* getJSItems.js */; };
		A632CBAE1AEF2B8800565686 /* JSMessageDelegate.swift in Sources */ = {isa = PBXBuildFile; fileRef = A632CBAD1AEF2B8800565686 /* JSMessageDelegate.swift */; };
		A632CBB01AEFE15900565686 /* EmailAttachmentExporter.swift in Sources */ = {isa = PBXBuildFile; fileRef = A632CBAF1AEFE15900565686 /* EmailAttachmentExporter.swift */; };
		A632CBB21AEFE8F800565686 /* Basics.swift in Sources */ = {isa = PBXBuildFile; fileRef = A632CBB11AEFE8F800565686 /* Basics.swift */; };
		A632CBB41AF02C0800565686 /* EmailAttachmentImporter.swift in Sources */ = {isa = PBXBuildFile; fileRef = A632CBB31AF02C0800565686 /* EmailAttachmentImporter.swift */; };
		A632CBB71AF2E96F00565686 /* Filtering.swift in Sources */ = {isa = PBXBuildFile; fileRef = A632CBB61AF2E96F00565686 /* Filtering.swift */; };
		A632CBB91AF35D2A00565686 /* ViewFiltering.swift in Sources */ = {isa = PBXBuildFile; fileRef = A632CBB81AF35D2A00565686 /* ViewFiltering.swift */; };
		A632CBBB1AF538FD00565686 /* InfoUtilities.swift in Sources */ = {isa = PBXBuildFile; fileRef = A632CBBA1AF538FD00565686 /* InfoUtilities.swift */; };
		A632CBBD1AF6AC8B00565686 /* UIQueryAlert.swift in Sources */ = {isa = PBXBuildFile; fileRef = A632CBBC1AF6AC8B00565686 /* UIQueryAlert.swift */; };
		A632F77D1B373AF8001C6EE1 /* ItemTableViewCell.swift in Sources */ = {isa = PBXBuildFile; fileRef = A632F77C1B373AF8001C6EE1 /* ItemTableViewCell.swift */; };
		A63965F01BED528E00308F2F /* InventoryItemView.xib in Resources */ = {isa = PBXBuildFile; fileRef = A63965EF1BED528E00308F2F /* InventoryItemView.xib */; };
		A642FC121B13220C00D4B971 /* UpdateTableViewDoubleCell.swift in Sources */ = {isa = PBXBuildFile; fileRef = A642FC111B13220C00D4B971 /* UpdateTableViewDoubleCell.swift */; };
		A65232E61AF8261900A86FAC /* ViewSorting.swift in Sources */ = {isa = PBXBuildFile; fileRef = A65232E51AF8261900A86FAC /* ViewSorting.swift */; };
		A662C1C31AFDFD520067792F /* inventory.corrupt.csv in Resources */ = {isa = PBXBuildFile; fileRef = A662C1C21AFDFD520067792F /* inventory.corrupt.csv */; };
		A662C1CB1AFEAB010067792F /* Category.swift in Sources */ = {isa = PBXBuildFile; fileRef = A662C1CA1AFEAB010067792F /* Category.swift */; };
		A662C1CF1AFEAB020067792F /* DealerItem.swift in Sources */ = {isa = PBXBuildFile; fileRef = A662C1CE1AFEAB020067792F /* DealerItem.swift */; };
		A662C1E31B049D600067792F /* SSZipArchive.m in Sources */ = {isa = PBXBuildFile; fileRef = A662C1E21B049D600067792F /* SSZipArchive.m */; };
		A662C1EE1B049DD90067792F /* ioapi.c in Sources */ = {isa = PBXBuildFile; fileRef = A662C1E61B049DD90067792F /* ioapi.c */; };
		A662C1EF1B049DD90067792F /* mztools.c in Sources */ = {isa = PBXBuildFile; fileRef = A662C1E81B049DD90067792F /* mztools.c */; };
		A662C1F01B049DD90067792F /* unzip.c in Sources */ = {isa = PBXBuildFile; fileRef = A662C1EA1B049DD90067792F /* unzip.c */; };
		A662C1F11B049DD90067792F /* zip.c in Sources */ = {isa = PBXBuildFile; fileRef = A662C1EC1B049DD90067792F /* zip.c */; };
		A66348111B20DAB900A4D225 /* InfoItemViewController.swift in Sources */ = {isa = PBXBuildFile; fileRef = A66348101B20DAB900A4D225 /* InfoItemViewController.swift */; };
		A66348131B21384B00A4D225 /* noimage.png in Resources */ = {isa = PBXBuildFile; fileRef = A66348121B21384B00A4D225 /* noimage.png */; };
		A66348151B236FDA00A4D225 /* Regex.swift in Sources */ = {isa = PBXBuildFile; fileRef = A66348141B236FDA00A4D225 /* Regex.swift */; };
		A66DE5C71EF858A9000A0066 /* InventoryBuilder.swift in Sources */ = {isa = PBXBuildFile; fileRef = A66DE5C61EF858A9000A0066 /* InventoryBuilder.swift */; };
		A66DE5C91EF9E556000A0066 /* InventoryUtilities.swift in Sources */ = {isa = PBXBuildFile; fileRef = A66DE5C81EF9E556000A0066 /* InventoryUtilities.swift */; };
		A66FD28F1BE85CC600C7A2FD /* AlbumPageViewController.swift in Sources */ = {isa = PBXBuildFile; fileRef = A66FD28E1BE85CC600C7A2FD /* AlbumPageViewController.swift */; };
		A66FD2911BE86DE400C7A2FD /* InventoryItemCell.swift in Sources */ = {isa = PBXBuildFile; fileRef = A66FD2901BE86DE400C7A2FD /* InventoryItemCell.swift */; };
		A66FD2931BE8CFF700C7A2FD /* UIColor+Extensions.swift in Sources */ = {isa = PBXBuildFile; fileRef = A66FD2921BE8CFF700C7A2FD /* UIColor+Extensions.swift */; };
		A66FD2951BEA916E00C7A2FD /* GradientView.swift in Sources */ = {isa = PBXBuildFile; fileRef = A66FD2941BEA916E00C7A2FD /* GradientView.swift */; };
		A66FD2971BEAC45000C7A2FD /* AlbumFamilyNavigator.swift in Sources */ = {isa = PBXBuildFile; fileRef = A66FD2961BEAC45000C7A2FD /* AlbumFamilyNavigator.swift */; };
		A66FD2991BEB45B400C7A2FD /* UIImageView+NetworkExtensions.swift in Sources */ = {isa = PBXBuildFile; fileRef = A66FD2981BEB45B400C7A2FD /* UIImageView+NetworkExtensions.swift */; };
		A66FD29B1BEC78EA00C7A2FD /* InventoryItemViewController.swift in Sources */ = {isa = PBXBuildFile; fileRef = A66FD29A1BEC78EA00C7A2FD /* InventoryItemViewController.swift */; };
		A67977DA1BB11994007F298D /* InventoryItem+CoreDataProperties.swift in Sources */ = {isa = PBXBuildFile; fileRef = A67977D21BB11994007F298D /* InventoryItem+CoreDataProperties.swift */; };
		A67977DB1BB11994007F298D /* AlbumSection+CoreDataProperties.swift in Sources */ = {isa = PBXBuildFile; fileRef = A67977D31BB11994007F298D /* AlbumSection+CoreDataProperties.swift */; };
		A67977DC1BB11994007F298D /* AlbumRef+CoreDataProperties.swift in Sources */ = {isa = PBXBuildFile; fileRef = A67977D41BB11994007F298D /* AlbumRef+CoreDataProperties.swift */; };
		A67977DD1BB11994007F298D /* AlbumType+CoreDataProperties.swift in Sources */ = {isa = PBXBuildFile; fileRef = A67977D51BB11994007F298D /* AlbumType+CoreDataProperties.swift */; };
		A67977DE1BB11994007F298D /* AlbumPage+CoreDataProperties.swift in Sources */ = {isa = PBXBuildFile; fileRef = A67977D61BB11994007F298D /* AlbumPage+CoreDataProperties.swift */; };
		A67977DF1BB11994007F298D /* Category+CoreDataProperties.swift in Sources */ = {isa = PBXBuildFile; fileRef = A67977D71BB11994007F298D /* Category+CoreDataProperties.swift */; };
		A67977E01BB11994007F298D /* DealerItem+CoreDataProperties.swift in Sources */ = {isa = PBXBuildFile; fileRef = A67977D81BB11994007F298D /* DealerItem+CoreDataProperties.swift */; };
		A67977E11BB11994007F298D /* AlbumFamily+CoreDataProperties.swift in Sources */ = {isa = PBXBuildFile; fileRef = A67977D91BB11994007F298D /* AlbumFamily+CoreDataProperties.swift */; };
		A68104041F0ED8720000272B /* InfoFolderUtilities.swift in Sources */ = {isa = PBXBuildFile; fileRef = A68104031F0ED8720000272B /* InfoFolderUtilities.swift */; };
		A68104061F0EDC480000272B /* ATMUtilities.swift in Sources */ = {isa = PBXBuildFile; fileRef = A68104051F0EDC480000272B /* ATMUtilities.swift */; };
		A68104081F101F310000272B /* getItemDetails.js in Resources */ = {isa = PBXBuildFile; fileRef = A68104071F101F310000272B /* getItemDetails.js */; };
		A681040A1F11F3050000272B /* BulletinUtilities.swift in Sources */ = {isa = PBXBuildFile; fileRef = A68104091F11F3050000272B /* BulletinUtilities.swift */; };
		A681040C1F1365B50000272B /* BTItemDetails.swift in Sources */ = {isa = PBXBuildFile; fileRef = A681040B1F1365B50000272B /* BTItemDetails.swift */; };
		A6856E521B06FDF8004B506E /* AlbumType+Ex.swift in Sources */ = {isa = PBXBuildFile; fileRef = A6856E511B06FDF8004B506E /* AlbumType+Ex.swift */; };
		A6856E541B06FE1B004B506E /* AlbumFamily+Ex.swift in Sources */ = {isa = PBXBuildFile; fileRef = A6856E531B06FE1B004B506E /* AlbumFamily+Ex.swift */; };
		A6856E561B06FE3E004B506E /* AlbumRef+Ex.swift in Sources */ = {isa = PBXBuildFile; fileRef = A6856E551B06FE3E004B506E /* AlbumRef+Ex.swift */; };
		A6856E581B06FE5C004B506E /* AlbumSection+Ex.swift in Sources */ = {isa = PBXBuildFile; fileRef = A6856E571B06FE5C004B506E /* AlbumSection+Ex.swift */; };
		A6856E5A1B06FE78004B506E /* AlbumPage+Ex.swift in Sources */ = {isa = PBXBuildFile; fileRef = A6856E591B06FE78004B506E /* AlbumPage+Ex.swift */; };
		A6856E5C1B070D55004B506E /* AlbumSection.swift in Sources */ = {isa = PBXBuildFile; fileRef = A6856E5B1B070D55004B506E /* AlbumSection.swift */; };
		A6856E5E1B070D56004B506E /* InventoryItem.swift in Sources */ = {isa = PBXBuildFile; fileRef = A6856E5D1B070D56004B506E /* InventoryItem.swift */; };
		A6856E621B070D56004B506E /* AlbumFamily.swift in Sources */ = {isa = PBXBuildFile; fileRef = A6856E611B070D56004B506E /* AlbumFamily.swift */; };
		A6856E661B070D56004B506E /* AlbumPage.swift in Sources */ = {isa = PBXBuildFile; fileRef = A6856E651B070D56004B506E /* AlbumPage.swift */; };
		A6856E681B070DE9004B506E /* AlbumType.swift in Sources */ = {isa = PBXBuildFile; fileRef = A6856E671B070DE9004B506E /* AlbumType.swift */; };
		A6856E6A1B071691004B506E /* AlbumRef.swift in Sources */ = {isa = PBXBuildFile; fileRef = A6856E691B071691004B506E /* AlbumRef.swift */; };
		A6856E6C1B0ADBE9004B506E /* UpdateComparison.swift in Sources */ = {isa = PBXBuildFile; fileRef = A6856E6B1B0ADBE9004B506E /* UpdateComparison.swift */; };
		A6856E721B0EAB40004B506E /* BTImportExport.swift in Sources */ = {isa = PBXBuildFile; fileRef = A6856E711B0EAB40004B506E /* BTImportExport.swift */; };
		A6856E741B111AB6004B506E /* UpdatesTableViewController.swift in Sources */ = {isa = PBXBuildFile; fileRef = A6856E731B111AB6004B506E /* UpdatesTableViewController.swift */; };
		A69C30101BE76E2900A9D39D /* AlbumCollectionViewController.swift in Sources */ = {isa = PBXBuildFile; fileRef = A69C300F1BE76E2900A9D39D /* AlbumCollectionViewController.swift */; };
		A69C30121BE780E900A9D39D /* AlbumSectionHeaderView.swift in Sources */ = {isa = PBXBuildFile; fileRef = A69C30111BE780E900A9D39D /* AlbumSectionHeaderView.swift */; };
		A69C30141BE78CD300A9D39D /* AlbumRefCell.swift in Sources */ = {isa = PBXBuildFile; fileRef = A69C30131BE78CD300A9D39D /* AlbumRefCell.swift */; };
		A6AA4E491B4CF882007D9558 /* ItemPicURL.swift in Sources */ = {isa = PBXBuildFile; fileRef = A6AA4E481B4CF882007D9558 /* ItemPicURL.swift */; };
		A6AA4E4F1B4DC43D007D9558 /* WebItemViewController.swift in Sources */ = {isa = PBXBuildFile; fileRef = A6AA4E4E1B4DC43D007D9558 /* WebItemViewController.swift */; };
		A6AA4EC91B4F756A007D9558 /* TMCache.m in Sources */ = {isa = PBXBuildFile; fileRef = A6AA4EC31B4F756A007D9558 /* TMCache.m */; };
		A6AA4ECA1B4F756A007D9558 /* TMDiskCache.m in Sources */ = {isa = PBXBuildFile; fileRef = A6AA4EC61B4F756A007D9558 /* TMDiskCache.m */; };
		A6AA4ECB1B4F756A007D9558 /* TMMemoryCache.m in Sources */ = {isa = PBXBuildFile; fileRef = A6AA4EC81B4F756A007D9558 /* TMMemoryCache.m */; };
		A6B34CFF1C671407001296F3 /* Stamp Collection Presentation by Michael L. Mehr.docx in Resources */ = {isa = PBXBuildFile; fileRef = A6B34CFC1C671407001296F3 /* Stamp Collection Presentation by Michael L. Mehr.docx */; };
		A6B34D001C671407001296F3 /* Stamp Diagram X.txt in Resources */ = {isa = PBXBuildFile; fileRef = A6B34CFD1C671407001296F3 /* Stamp Diagram X.txt */; };
		A6B34D011C671407001296F3 /* Stamp Diagram Y.txt in Resources */ = {isa = PBXBuildFile; fileRef = A6B34CFE1C671407001296F3 /* Stamp Diagram Y.txt */; };
		A6C433991F1890B000E6FC5B /* UtilityTaskRunner.swift in Sources */ = {isa = PBXBuildFile; fileRef = A6C433981F1890B000E6FC5B /* UtilityTaskRunner.swift */; };
		A6C4339B1F18920200E6FC5B /* UtilityTask.swift in Sources */ = {isa = PBXBuildFile; fileRef = A6C4339A1F18920200E6FC5B /* UtilityTask.swift */; };
		A6D0955F1AFA91F0007A1186 /* Category+Ex.swift in Sources */ = {isa = PBXBuildFile; fileRef = A6D0955E1AFA91F0007A1186 /* Category+Ex.swift */; };
		A6D095611AFA92C6007A1186 /* DealerItem+Ex.swift in Sources */ = {isa = PBXBuildFile; fileRef = A6D095601AFA92C6007A1186 /* DealerItem+Ex.swift */; };
		A6D095631AFA92E3007A1186 /* InventoryItem+Ex.swift in Sources */ = {isa = PBXBuildFile; fileRef = A6D095621AFA92E3007A1186 /* InventoryItem+Ex.swift */; };
		A6E198481AD6EEEC0090FDB1 /* AppDelegate.swift in Sources */ = {isa = PBXBuildFile; fileRef = A6E198471AD6EEEC0090FDB1 /* AppDelegate.swift */; };
		A6E1984B1AD6EEEC0090FDB1 /* StampCollection.xcdatamodeld in Sources */ = {isa = PBXBuildFile; fileRef = A6E198491AD6EEEC0090FDB1 /* StampCollection.xcdatamodeld */; };
		A6E1984D1AD6EEEC0090FDB1 /* BTCategoriesTableViewController.swift in Sources */ = {isa = PBXBuildFile; fileRef = A6E1984C1AD6EEEC0090FDB1 /* BTCategoriesTableViewController.swift */; };
		A6E198501AD6EEEC0090FDB1 /* Main.storyboard in Resources */ = {isa = PBXBuildFile; fileRef = A6E1984E1AD6EEEC0090FDB1 /* Main.storyboard */; };
		A6E198521AD6EEEC0090FDB1 /* Images.xcassets in Resources */ = {isa = PBXBuildFile; fileRef = A6E198511AD6EEEC0090FDB1 /* Images.xcassets */; };
		A6E198551AD6EEEC0090FDB1 /* LaunchScreen.xib in Resources */ = {isa = PBXBuildFile; fileRef = A6E198531AD6EEEC0090FDB1 /* LaunchScreen.xib */; };
		A6E198611AD6EEEC0090FDB1 /* StampCollectionTests.swift in Sources */ = {isa = PBXBuildFile; fileRef = A6E198601AD6EEEC0090FDB1 /* StampCollectionTests.swift */; };
		A6E198751AD712630090FDB1 /* CHCSVParser.m in Sources */ = {isa = PBXBuildFile; fileRef = A6E198741AD712630090FDB1 /* CHCSVParser.m */; };
		A6E198791AD7A42D0090FDB1 /* InfoParserDelegate.swift in Sources */ = {isa = PBXBuildFile; fileRef = A6E198781AD7A42D0090FDB1 /* InfoParserDelegate.swift */; };
/* End PBXBuildFile section */

/* Begin PBXContainerItemProxy section */
		A6E1985B1AD6EEEC0090FDB1 /* PBXContainerItemProxy */ = {
			isa = PBXContainerItemProxy;
			containerPortal = A6E1983A1AD6EEEC0090FDB1 /* Project object */;
			proxyType = 1;
			remoteGlobalIDString = A6E198411AD6EEEC0090FDB1;
			remoteInfo = StampCollection;
		};
/* End PBXContainerItemProxy section */

/* Begin PBXFileReference section */
		A60DBC6F1ADBC13600D4959D /* info.csv */ = {isa = PBXFileReference; fileEncoding = 4; lastKnownFileType = text; name = info.csv; path = ../info.csv; sourceTree = "<group>"; };
		A60DBC701ADBC13600D4959D /* inventory.csv */ = {isa = PBXFileReference; fileEncoding = 4; lastKnownFileType = text; name = inventory.csv; path = ../inventory.csv; sourceTree = "<group>"; };
		A60DBC731ADC36D600D4959D /* baitcfg.csv */ = {isa = PBXFileReference; fileEncoding = 4; lastKnownFileType = text; name = baitcfg.csv; path = ../baitcfg.csv; sourceTree = "<group>"; };
		A60DBC761ADC463400D4959D /* ImportExport.swift */ = {isa = PBXFileReference; fileEncoding = 4; lastKnownFileType = sourcecode.swift; path = ImportExport.swift; sourceTree = "<group>"; };
		A60DBCAF1AE19C3B00D4959D /* getCategories.js */ = {isa = PBXFileReference; fileEncoding = 4; lastKnownFileType = sourcecode.javascript; path = getCategories.js; sourceTree = "<group>"; };
		A60DBCB11AE1A34E00D4959D /* BTCategory.swift */ = {isa = PBXFileReference; fileEncoding = 4; lastKnownFileType = sourcecode.swift; path = BTCategory.swift; sourceTree = "<group>"; };
		A60DBCB31AE38AD900D4959D /* BTItemsTableViewController.swift */ = {isa = PBXFileReference; fileEncoding = 4; lastKnownFileType = sourcecode.swift; path = BTItemsTableViewController.swift; sourceTree = "<group>"; };
		A60DBCB51AE38BDA00D4959D /* BTDealerItem.swift */ = {isa = PBXFileReference; fileEncoding = 4; lastKnownFileType = sourcecode.swift; path = BTDealerItem.swift; sourceTree = "<group>"; };
		A60DBCB71AE38C3400D4959D /* getItems.js */ = {isa = PBXFileReference; fileEncoding = 4; lastKnownFileType = sourcecode.javascript; path = getItems.js; sourceTree = "<group>"; };
		A61996C21BECC12600F3BD01 /* InventoryItemView.swift */ = {isa = PBXFileReference; fileEncoding = 4; lastKnownFileType = sourcecode.swift; path = InventoryItemView.swift; sourceTree = "<group>"; };
		A61C115B1AE6DBB400063025 /* BTDealerStore.swift */ = {isa = PBXFileReference; fileEncoding = 4; lastKnownFileType = sourcecode.swift; path = BTDealerStore.swift; sourceTree = "<group>"; };
		A61C115D1AE6F0F900063025 /* BTMessageDelegate.swift */ = {isa = PBXFileReference; fileEncoding = 4; lastKnownFileType = sourcecode.swift; path = BTMessageDelegate.swift; sourceTree = "<group>"; };
		A61C115F1AEA217400063025 /* InfoCategoriesTableViewController.swift */ = {isa = PBXFileReference; fileEncoding = 4; lastKnownFileType = sourcecode.swift; path = InfoCategoriesTableViewController.swift; sourceTree = "<group>"; };
		A61C11611AEA219B00063025 /* InfoItemsTableViewController.swift */ = {isa = PBXFileReference; fileEncoding = 4; lastKnownFileType = sourcecode.swift; path = InfoItemsTableViewController.swift; sourceTree = "<group>"; };
		A61C11631AEADCD900063025 /* CollectionStore.swift */ = {isa = PBXFileReference; fileEncoding = 4; lastKnownFileType = sourcecode.swift; path = CollectionStore.swift; sourceTree = "<group>"; };
		A61C11661AEB785B00063025 /* ViewUtilities.swift */ = {isa = PBXFileReference; fileEncoding = 4; lastKnownFileType = sourcecode.swift; path = ViewUtilities.swift; sourceTree = "<group>"; };
		A632CBAB1AEEDBDD00565686 /* getJSItems.js */ = {isa = PBXFileReference; fileEncoding = 4; lastKnownFileType = sourcecode.javascript; path = getJSItems.js; sourceTree = "<group>"; };
		A632CBAD1AEF2B8800565686 /* JSMessageDelegate.swift */ = {isa = PBXFileReference; fileEncoding = 4; lastKnownFileType = sourcecode.swift; path = JSMessageDelegate.swift; sourceTree = "<group>"; };
		A632CBAF1AEFE15900565686 /* EmailAttachmentExporter.swift */ = {isa = PBXFileReference; fileEncoding = 4; lastKnownFileType = sourcecode.swift; path = EmailAttachmentExporter.swift; sourceTree = "<group>"; };
		A632CBB11AEFE8F800565686 /* Basics.swift */ = {isa = PBXFileReference; fileEncoding = 4; lastKnownFileType = sourcecode.swift; path = Basics.swift; sourceTree = "<group>"; };
		A632CBB31AF02C0800565686 /* EmailAttachmentImporter.swift */ = {isa = PBXFileReference; fileEncoding = 4; lastKnownFileType = sourcecode.swift; path = EmailAttachmentImporter.swift; sourceTree = "<group>"; };
		A632CBB61AF2E96F00565686 /* Filtering.swift */ = {isa = PBXFileReference; fileEncoding = 4; lastKnownFileType = sourcecode.swift; path = Filtering.swift; sourceTree = "<group>"; };
		A632CBB81AF35D2A00565686 /* ViewFiltering.swift */ = {isa = PBXFileReference; fileEncoding = 4; lastKnownFileType = sourcecode.swift; path = ViewFiltering.swift; sourceTree = "<group>"; };
		A632CBBA1AF538FD00565686 /* InfoUtilities.swift */ = {isa = PBXFileReference; fileEncoding = 4; lastKnownFileType = sourcecode.swift; path = InfoUtilities.swift; sourceTree = "<group>"; };
		A632CBBC1AF6AC8B00565686 /* UIQueryAlert.swift */ = {isa = PBXFileReference; fileEncoding = 4; lastKnownFileType = sourcecode.swift; path = UIQueryAlert.swift; sourceTree = "<group>"; };
		A632F77C1B373AF8001C6EE1 /* ItemTableViewCell.swift */ = {isa = PBXFileReference; fileEncoding = 4; lastKnownFileType = sourcecode.swift; path = ItemTableViewCell.swift; sourceTree = "<group>"; };
		A63965EF1BED528E00308F2F /* InventoryItemView.xib */ = {isa = PBXFileReference; fileEncoding = 4; lastKnownFileType = file.xib; path = InventoryItemView.xib; sourceTree = "<group>"; };
		A642FC111B13220C00D4B971 /* UpdateTableViewDoubleCell.swift */ = {isa = PBXFileReference; fileEncoding = 4; lastKnownFileType = sourcecode.swift; path = UpdateTableViewDoubleCell.swift; sourceTree = "<group>"; };
		A65232E51AF8261900A86FAC /* ViewSorting.swift */ = {isa = PBXFileReference; fileEncoding = 4; lastKnownFileType = sourcecode.swift; path = ViewSorting.swift; sourceTree = "<group>"; };
		A662C1C21AFDFD520067792F /* inventory.corrupt.csv */ = {isa = PBXFileReference; fileEncoding = 4; lastKnownFileType = text; path = inventory.corrupt.csv; sourceTree = "<group>"; };
		A662C1CA1AFEAB010067792F /* Category.swift */ = {isa = PBXFileReference; fileEncoding = 4; lastKnownFileType = sourcecode.swift; path = Category.swift; sourceTree = "<group>"; };
		A662C1CE1AFEAB020067792F /* DealerItem.swift */ = {isa = PBXFileReference; fileEncoding = 4; lastKnownFileType = sourcecode.swift; path = DealerItem.swift; sourceTree = "<group>"; };
		A662C1E11B049D600067792F /* SSZipArchive.h */ = {isa = PBXFileReference; fileEncoding = 4; lastKnownFileType = sourcecode.c.h; path = SSZipArchive.h; sourceTree = "<group>"; };
		A662C1E21B049D600067792F /* SSZipArchive.m */ = {isa = PBXFileReference; fileEncoding = 4; lastKnownFileType = sourcecode.c.objc; path = SSZipArchive.m; sourceTree = "<group>"; };
		A662C1E51B049DD90067792F /* crypt.h */ = {isa = PBXFileReference; fileEncoding = 4; lastKnownFileType = sourcecode.c.h; path = crypt.h; sourceTree = "<group>"; };
		A662C1E61B049DD90067792F /* ioapi.c */ = {isa = PBXFileReference; fileEncoding = 4; lastKnownFileType = sourcecode.c.c; path = ioapi.c; sourceTree = "<group>"; };
		A662C1E71B049DD90067792F /* ioapi.h */ = {isa = PBXFileReference; fileEncoding = 4; lastKnownFileType = sourcecode.c.h; path = ioapi.h; sourceTree = "<group>"; };
		A662C1E81B049DD90067792F /* mztools.c */ = {isa = PBXFileReference; fileEncoding = 4; lastKnownFileType = sourcecode.c.c; path = mztools.c; sourceTree = "<group>"; };
		A662C1E91B049DD90067792F /* mztools.h */ = {isa = PBXFileReference; fileEncoding = 4; lastKnownFileType = sourcecode.c.h; path = mztools.h; sourceTree = "<group>"; };
		A662C1EA1B049DD90067792F /* unzip.c */ = {isa = PBXFileReference; fileEncoding = 4; lastKnownFileType = sourcecode.c.c; path = unzip.c; sourceTree = "<group>"; };
		A662C1EB1B049DD90067792F /* unzip.h */ = {isa = PBXFileReference; fileEncoding = 4; lastKnownFileType = sourcecode.c.h; path = unzip.h; sourceTree = "<group>"; };
		A662C1EC1B049DD90067792F /* zip.c */ = {isa = PBXFileReference; fileEncoding = 4; lastKnownFileType = sourcecode.c.c; path = zip.c; sourceTree = "<group>"; };
		A662C1ED1B049DD90067792F /* zip.h */ = {isa = PBXFileReference; fileEncoding = 4; lastKnownFileType = sourcecode.c.h; path = zip.h; sourceTree = "<group>"; };
		A66348101B20DAB900A4D225 /* InfoItemViewController.swift */ = {isa = PBXFileReference; fileEncoding = 4; lastKnownFileType = sourcecode.swift; path = InfoItemViewController.swift; sourceTree = "<group>"; };
		A66348121B21384B00A4D225 /* noimage.png */ = {isa = PBXFileReference; lastKnownFileType = image.png; path = noimage.png; sourceTree = "<group>"; };
		A66348141B236FDA00A4D225 /* Regex.swift */ = {isa = PBXFileReference; fileEncoding = 4; lastKnownFileType = sourcecode.swift; path = Regex.swift; sourceTree = "<group>"; };
		A66DE5C61EF858A9000A0066 /* InventoryBuilder.swift */ = {isa = PBXFileReference; fileEncoding = 4; lastKnownFileType = sourcecode.swift; path = InventoryBuilder.swift; sourceTree = "<group>"; };
		A66DE5C81EF9E556000A0066 /* InventoryUtilities.swift */ = {isa = PBXFileReference; fileEncoding = 4; lastKnownFileType = sourcecode.swift; path = InventoryUtilities.swift; sourceTree = "<group>"; };
		A66FD28E1BE85CC600C7A2FD /* AlbumPageViewController.swift */ = {isa = PBXFileReference; fileEncoding = 4; lastKnownFileType = sourcecode.swift; path = AlbumPageViewController.swift; sourceTree = "<group>"; };
		A66FD2901BE86DE400C7A2FD /* InventoryItemCell.swift */ = {isa = PBXFileReference; fileEncoding = 4; lastKnownFileType = sourcecode.swift; path = InventoryItemCell.swift; sourceTree = "<group>"; };
		A66FD2921BE8CFF700C7A2FD /* UIColor+Extensions.swift */ = {isa = PBXFileReference; fileEncoding = 4; lastKnownFileType = sourcecode.swift; path = "UIColor+Extensions.swift"; sourceTree = "<group>"; };
		A66FD2941BEA916E00C7A2FD /* GradientView.swift */ = {isa = PBXFileReference; fileEncoding = 4; lastKnownFileType = sourcecode.swift; path = GradientView.swift; sourceTree = "<group>"; };
		A66FD2961BEAC45000C7A2FD /* AlbumFamilyNavigator.swift */ = {isa = PBXFileReference; fileEncoding = 4; lastKnownFileType = sourcecode.swift; path = AlbumFamilyNavigator.swift; sourceTree = "<group>"; };
		A66FD2981BEB45B400C7A2FD /* UIImageView+NetworkExtensions.swift */ = {isa = PBXFileReference; fileEncoding = 4; lastKnownFileType = sourcecode.swift; path = "UIImageView+NetworkExtensions.swift"; sourceTree = "<group>"; };
		A66FD29A1BEC78EA00C7A2FD /* InventoryItemViewController.swift */ = {isa = PBXFileReference; fileEncoding = 4; lastKnownFileType = sourcecode.swift; path = InventoryItemViewController.swift; sourceTree = "<group>"; };
		A67977D21BB11994007F298D /* InventoryItem+CoreDataProperties.swift */ = {isa = PBXFileReference; fileEncoding = 4; lastKnownFileType = sourcecode.swift; path = "InventoryItem+CoreDataProperties.swift"; sourceTree = "<group>"; };
		A67977D31BB11994007F298D /* AlbumSection+CoreDataProperties.swift */ = {isa = PBXFileReference; fileEncoding = 4; lastKnownFileType = sourcecode.swift; path = "AlbumSection+CoreDataProperties.swift"; sourceTree = "<group>"; };
		A67977D41BB11994007F298D /* AlbumRef+CoreDataProperties.swift */ = {isa = PBXFileReference; fileEncoding = 4; lastKnownFileType = sourcecode.swift; path = "AlbumRef+CoreDataProperties.swift"; sourceTree = "<group>"; };
		A67977D51BB11994007F298D /* AlbumType+CoreDataProperties.swift */ = {isa = PBXFileReference; fileEncoding = 4; lastKnownFileType = sourcecode.swift; path = "AlbumType+CoreDataProperties.swift"; sourceTree = "<group>"; };
		A67977D61BB11994007F298D /* AlbumPage+CoreDataProperties.swift */ = {isa = PBXFileReference; fileEncoding = 4; lastKnownFileType = sourcecode.swift; path = "AlbumPage+CoreDataProperties.swift"; sourceTree = "<group>"; };
		A67977D71BB11994007F298D /* Category+CoreDataProperties.swift */ = {isa = PBXFileReference; fileEncoding = 4; lastKnownFileType = sourcecode.swift; path = "Category+CoreDataProperties.swift"; sourceTree = "<group>"; };
		A67977D81BB11994007F298D /* DealerItem+CoreDataProperties.swift */ = {isa = PBXFileReference; fileEncoding = 4; lastKnownFileType = sourcecode.swift; path = "DealerItem+CoreDataProperties.swift"; sourceTree = "<group>"; };
		A67977D91BB11994007F298D /* AlbumFamily+CoreDataProperties.swift */ = {isa = PBXFileReference; fileEncoding = 4; lastKnownFileType = sourcecode.swift; path = "AlbumFamily+CoreDataProperties.swift"; sourceTree = "<group>"; };
		A68104031F0ED8720000272B /* InfoFolderUtilities.swift */ = {isa = PBXFileReference; fileEncoding = 4; lastKnownFileType = sourcecode.swift; path = InfoFolderUtilities.swift; sourceTree = "<group>"; };
		A68104051F0EDC480000272B /* ATMUtilities.swift */ = {isa = PBXFileReference; fileEncoding = 4; lastKnownFileType = sourcecode.swift; path = ATMUtilities.swift; sourceTree = "<group>"; };
		A68104071F101F310000272B /* getItemDetails.js */ = {isa = PBXFileReference; fileEncoding = 4; lastKnownFileType = sourcecode.javascript; path = getItemDetails.js; sourceTree = "<group>"; };
		A68104091F11F3050000272B /* BulletinUtilities.swift */ = {isa = PBXFileReference; fileEncoding = 4; lastKnownFileType = sourcecode.swift; path = BulletinUtilities.swift; sourceTree = "<group>"; };
		A681040B1F1365B50000272B /* BTItemDetails.swift */ = {isa = PBXFileReference; fileEncoding = 4; lastKnownFileType = sourcecode.swift; path = BTItemDetails.swift; sourceTree = "<group>"; };
		A6856E511B06FDF8004B506E /* AlbumType+Ex.swift */ = {isa = PBXFileReference; fileEncoding = 4; lastKnownFileType = sourcecode.swift; path = "AlbumType+Ex.swift"; sourceTree = "<group>"; };
		A6856E531B06FE1B004B506E /* AlbumFamily+Ex.swift */ = {isa = PBXFileReference; fileEncoding = 4; lastKnownFileType = sourcecode.swift; path = "AlbumFamily+Ex.swift"; sourceTree = "<group>"; };
		A6856E551B06FE3E004B506E /* AlbumRef+Ex.swift */ = {isa = PBXFileReference; fileEncoding = 4; lastKnownFileType = sourcecode.swift; path = "AlbumRef+Ex.swift"; sourceTree = "<group>"; };
		A6856E571B06FE5C004B506E /* AlbumSection+Ex.swift */ = {isa = PBXFileReference; fileEncoding = 4; lastKnownFileType = sourcecode.swift; path = "AlbumSection+Ex.swift"; sourceTree = "<group>"; };
		A6856E591B06FE78004B506E /* AlbumPage+Ex.swift */ = {isa = PBXFileReference; fileEncoding = 4; lastKnownFileType = sourcecode.swift; path = "AlbumPage+Ex.swift"; sourceTree = "<group>"; };
		A6856E5B1B070D55004B506E /* AlbumSection.swift */ = {isa = PBXFileReference; fileEncoding = 4; lastKnownFileType = sourcecode.swift; path = AlbumSection.swift; sourceTree = "<group>"; };
		A6856E5D1B070D56004B506E /* InventoryItem.swift */ = {isa = PBXFileReference; fileEncoding = 4; lastKnownFileType = sourcecode.swift; path = InventoryItem.swift; sourceTree = "<group>"; };
		A6856E611B070D56004B506E /* AlbumFamily.swift */ = {isa = PBXFileReference; fileEncoding = 4; lastKnownFileType = sourcecode.swift; path = AlbumFamily.swift; sourceTree = "<group>"; };
		A6856E651B070D56004B506E /* AlbumPage.swift */ = {isa = PBXFileReference; fileEncoding = 4; lastKnownFileType = sourcecode.swift; path = AlbumPage.swift; sourceTree = "<group>"; };
		A6856E671B070DE9004B506E /* AlbumType.swift */ = {isa = PBXFileReference; fileEncoding = 4; lastKnownFileType = sourcecode.swift; path = AlbumType.swift; sourceTree = "<group>"; };
		A6856E691B071691004B506E /* AlbumRef.swift */ = {isa = PBXFileReference; fileEncoding = 4; lastKnownFileType = sourcecode.swift; path = AlbumRef.swift; sourceTree = "<group>"; };
		A6856E6B1B0ADBE9004B506E /* UpdateComparison.swift */ = {isa = PBXFileReference; fileEncoding = 4; lastKnownFileType = sourcecode.swift; path = UpdateComparison.swift; sourceTree = "<group>"; };
		A6856E711B0EAB40004B506E /* BTImportExport.swift */ = {isa = PBXFileReference; fileEncoding = 4; lastKnownFileType = sourcecode.swift; path = BTImportExport.swift; sourceTree = "<group>"; };
		A6856E731B111AB6004B506E /* UpdatesTableViewController.swift */ = {isa = PBXFileReference; fileEncoding = 4; lastKnownFileType = sourcecode.swift; path = UpdatesTableViewController.swift; sourceTree = "<group>"; };
		A69C300F1BE76E2900A9D39D /* AlbumCollectionViewController.swift */ = {isa = PBXFileReference; fileEncoding = 4; lastKnownFileType = sourcecode.swift; path = AlbumCollectionViewController.swift; sourceTree = "<group>"; };
		A69C30111BE780E900A9D39D /* AlbumSectionHeaderView.swift */ = {isa = PBXFileReference; fileEncoding = 4; lastKnownFileType = sourcecode.swift; path = AlbumSectionHeaderView.swift; sourceTree = "<group>"; };
		A69C30131BE78CD300A9D39D /* AlbumRefCell.swift */ = {isa = PBXFileReference; fileEncoding = 4; lastKnownFileType = sourcecode.swift; path = AlbumRefCell.swift; sourceTree = "<group>"; };
		A6AA4E481B4CF882007D9558 /* ItemPicURL.swift */ = {isa = PBXFileReference; fileEncoding = 4; lastKnownFileType = sourcecode.swift; path = ItemPicURL.swift; sourceTree = "<group>"; };
		A6AA4E4E1B4DC43D007D9558 /* WebItemViewController.swift */ = {isa = PBXFileReference; fileEncoding = 4; lastKnownFileType = sourcecode.swift; path = WebItemViewController.swift; sourceTree = "<group>"; };
		A6AA4EC21B4F756A007D9558 /* TMCache.h */ = {isa = PBXFileReference; fileEncoding = 4; lastKnownFileType = sourcecode.c.h; path = TMCache.h; sourceTree = "<group>"; };
		A6AA4EC31B4F756A007D9558 /* TMCache.m */ = {isa = PBXFileReference; fileEncoding = 4; lastKnownFileType = sourcecode.c.objc; path = TMCache.m; sourceTree = "<group>"; };
		A6AA4EC41B4F756A007D9558 /* TMCacheBackgroundTaskManager.h */ = {isa = PBXFileReference; fileEncoding = 4; lastKnownFileType = sourcecode.c.h; path = TMCacheBackgroundTaskManager.h; sourceTree = "<group>"; };
		A6AA4EC51B4F756A007D9558 /* TMDiskCache.h */ = {isa = PBXFileReference; fileEncoding = 4; lastKnownFileType = sourcecode.c.h; path = TMDiskCache.h; sourceTree = "<group>"; };
		A6AA4EC61B4F756A007D9558 /* TMDiskCache.m */ = {isa = PBXFileReference; fileEncoding = 4; lastKnownFileType = sourcecode.c.objc; path = TMDiskCache.m; sourceTree = "<group>"; };
		A6AA4EC71B4F756A007D9558 /* TMMemoryCache.h */ = {isa = PBXFileReference; fileEncoding = 4; lastKnownFileType = sourcecode.c.h; path = TMMemoryCache.h; sourceTree = "<group>"; };
		A6AA4EC81B4F756A007D9558 /* TMMemoryCache.m */ = {isa = PBXFileReference; fileEncoding = 4; lastKnownFileType = sourcecode.c.objc; path = TMMemoryCache.m; sourceTree = "<group>"; };
		A6B34CFC1C671407001296F3 /* Stamp Collection Presentation by Michael L. Mehr.docx */ = {isa = PBXFileReference; lastKnownFileType = file; path = "Stamp Collection Presentation by Michael L. Mehr.docx"; sourceTree = "<group>"; };
		A6B34CFD1C671407001296F3 /* Stamp Diagram X.txt */ = {isa = PBXFileReference; fileEncoding = 4; lastKnownFileType = text; path = "Stamp Diagram X.txt"; sourceTree = "<group>"; };
		A6B34CFE1C671407001296F3 /* Stamp Diagram Y.txt */ = {isa = PBXFileReference; fileEncoding = 4; lastKnownFileType = text; path = "Stamp Diagram Y.txt"; sourceTree = "<group>"; };
		A6C433981F1890B000E6FC5B /* UtilityTaskRunner.swift */ = {isa = PBXFileReference; fileEncoding = 4; lastKnownFileType = sourcecode.swift; path = UtilityTaskRunner.swift; sourceTree = "<group>"; };
		A6C4339A1F18920200E6FC5B /* UtilityTask.swift */ = {isa = PBXFileReference; fileEncoding = 4; lastKnownFileType = sourcecode.swift; path = UtilityTask.swift; sourceTree = "<group>"; };
		A6D0955E1AFA91F0007A1186 /* Category+Ex.swift */ = {isa = PBXFileReference; fileEncoding = 4; lastKnownFileType = sourcecode.swift; path = "Category+Ex.swift"; sourceTree = "<group>"; };
		A6D095601AFA92C6007A1186 /* DealerItem+Ex.swift */ = {isa = PBXFileReference; fileEncoding = 4; lastKnownFileType = sourcecode.swift; path = "DealerItem+Ex.swift"; sourceTree = "<group>"; };
		A6D095621AFA92E3007A1186 /* InventoryItem+Ex.swift */ = {isa = PBXFileReference; fileEncoding = 4; lastKnownFileType = sourcecode.swift; path = "InventoryItem+Ex.swift"; sourceTree = "<group>"; };
		A6E198421AD6EEEC0090FDB1 /* StampCollection.app */ = {isa = PBXFileReference; explicitFileType = wrapper.application; includeInIndex = 0; path = StampCollection.app; sourceTree = BUILT_PRODUCTS_DIR; };
		A6E198461AD6EEEC0090FDB1 /* Info.plist */ = {isa = PBXFileReference; lastKnownFileType = text.plist.xml; path = Info.plist; sourceTree = "<group>"; };
		A6E198471AD6EEEC0090FDB1 /* AppDelegate.swift */ = {isa = PBXFileReference; lastKnownFileType = sourcecode.swift; path = AppDelegate.swift; sourceTree = "<group>"; };
		A6E1984A1AD6EEEC0090FDB1 /* StampCollection.xcdatamodel */ = {isa = PBXFileReference; lastKnownFileType = wrapper.xcdatamodel; path = StampCollection.xcdatamodel; sourceTree = "<group>"; };
		A6E1984C1AD6EEEC0090FDB1 /* BTCategoriesTableViewController.swift */ = {isa = PBXFileReference; lastKnownFileType = sourcecode.swift; path = BTCategoriesTableViewController.swift; sourceTree = "<group>"; };
		A6E1984F1AD6EEEC0090FDB1 /* Base */ = {isa = PBXFileReference; lastKnownFileType = file.storyboard; name = Base; path = Base.lproj/Main.storyboard; sourceTree = "<group>"; };
		A6E198511AD6EEEC0090FDB1 /* Images.xcassets */ = {isa = PBXFileReference; lastKnownFileType = folder.assetcatalog; path = Images.xcassets; sourceTree = "<group>"; };
		A6E198541AD6EEEC0090FDB1 /* Base */ = {isa = PBXFileReference; lastKnownFileType = file.xib; name = Base; path = Base.lproj/LaunchScreen.xib; sourceTree = "<group>"; };
		A6E1985A1AD6EEEC0090FDB1 /* StampCollectionTests.xctest */ = {isa = PBXFileReference; explicitFileType = wrapper.cfbundle; includeInIndex = 0; path = StampCollectionTests.xctest; sourceTree = BUILT_PRODUCTS_DIR; };
		A6E1985F1AD6EEEC0090FDB1 /* Info.plist */ = {isa = PBXFileReference; lastKnownFileType = text.plist.xml; path = Info.plist; sourceTree = "<group>"; };
		A6E198601AD6EEEC0090FDB1 /* StampCollectionTests.swift */ = {isa = PBXFileReference; lastKnownFileType = sourcecode.swift; path = StampCollectionTests.swift; sourceTree = "<group>"; };
		A6E198731AD712630090FDB1 /* CHCSVParser.h */ = {isa = PBXFileReference; fileEncoding = 4; lastKnownFileType = sourcecode.c.h; path = CHCSVParser.h; sourceTree = "<group>"; };
		A6E198741AD712630090FDB1 /* CHCSVParser.m */ = {isa = PBXFileReference; fileEncoding = 4; lastKnownFileType = sourcecode.c.objc; path = CHCSVParser.m; sourceTree = "<group>"; };
		A6E198771AD7130A0090FDB1 /* StampCollection-Bridging-Header.h */ = {isa = PBXFileReference; fileEncoding = 4; lastKnownFileType = sourcecode.c.h; path = "StampCollection-Bridging-Header.h"; sourceTree = "<group>"; };
		A6E198781AD7A42D0090FDB1 /* InfoParserDelegate.swift */ = {isa = PBXFileReference; fileEncoding = 4; lastKnownFileType = sourcecode.swift; path = InfoParserDelegate.swift; sourceTree = "<group>"; };
/* End PBXFileReference section */

/* Begin PBXFrameworksBuildPhase section */
		A6E1983F1AD6EEEC0090FDB1 /* Frameworks */ = {
			isa = PBXFrameworksBuildPhase;
			buildActionMask = 2147483647;
			files = (
			);
			runOnlyForDeploymentPostprocessing = 0;
		};
		A6E198571AD6EEEC0090FDB1 /* Frameworks */ = {
			isa = PBXFrameworksBuildPhase;
			buildActionMask = 2147483647;
			files = (
			);
			runOnlyForDeploymentPostprocessing = 0;
		};
/* End PBXFrameworksBuildPhase section */

/* Begin PBXGroup section */
		A60DBC751ADC459E00D4959D /* Model */ = {
			isa = PBXGroup;
			children = (
				A61C11631AEADCD900063025 /* CollectionStore.swift */,
				A672C90A1BF9343700D0E031 /* BaseEntities */,
				A662C1B91AFAE5630067792F /* CoreDataRegeneratedEntities */,
				A672C9091BF933F800D0E031 /* EntityExtensions */,
				A6C4339C1F1892CA00E6FC5B /* Batch UtilityTasks */,
				A6E198781AD7A42D0090FDB1 /* InfoParserDelegate.swift */,
				A60DBC761ADC463400D4959D /* ImportExport.swift */,
				A632CBB61AF2E96F00565686 /* Filtering.swift */,
				A6856E6B1B0ADBE9004B506E /* UpdateComparison.swift */,
				A632CBBA1AF538FD00565686 /* InfoUtilities.swift */,
				A66348141B236FDA00A4D225 /* Regex.swift */,
				A632CBB11AEFE8F800565686 /* Basics.swift */,
			);
			name = Model;
			sourceTree = "<group>";
		};
		A61C11651AEB781B00063025 /* ViewModel */ = {
			isa = PBXGroup;
			children = (
				A66FD2961BEAC45000C7A2FD /* AlbumFamilyNavigator.swift */,
				A66DE5C81EF9E556000A0066 /* InventoryUtilities.swift */,
				A61C11661AEB785B00063025 /* ViewUtilities.swift */,
				A66DE5C61EF858A9000A0066 /* InventoryBuilder.swift */,
				A632CBB81AF35D2A00565686 /* ViewFiltering.swift */,
				A65232E51AF8261900A86FAC /* ViewSorting.swift */,
				A632CBAF1AEFE15900565686 /* EmailAttachmentExporter.swift */,
				A632CBB31AF02C0800565686 /* EmailAttachmentImporter.swift */,
				A632CBBC1AF6AC8B00565686 /* UIQueryAlert.swift */,
				A66FD2921BE8CFF700C7A2FD /* UIColor+Extensions.swift */,
				A66FD2981BEB45B400C7A2FD /* UIImageView+NetworkExtensions.swift */,
			);
			name = ViewModel;
			sourceTree = "<group>";
		};
		A632CBB51AF2BBF000565686 /* NetworkServices */ = {
			isa = PBXGroup;
			children = (
				A6AA4E481B4CF882007D9558 /* ItemPicURL.swift */,
				A61C115B1AE6DBB400063025 /* BTDealerStore.swift */,
				A6856E711B0EAB40004B506E /* BTImportExport.swift */,
				A632CBAD1AEF2B8800565686 /* JSMessageDelegate.swift */,
				A61C115D1AE6F0F900063025 /* BTMessageDelegate.swift */,
				A60DBCB11AE1A34E00D4959D /* BTCategory.swift */,
				A60DBCB51AE38BDA00D4959D /* BTDealerItem.swift */,
				A681040B1F1365B50000272B /* BTItemDetails.swift */,
			);
			name = NetworkServices;
			sourceTree = "<group>";
		};
		A662C1B91AFAE5630067792F /* CoreDataRegeneratedEntities */ = {
			isa = PBXGroup;
			children = (
				A67977D41BB11994007F298D /* AlbumRef+CoreDataProperties.swift */,
				A67977D51BB11994007F298D /* AlbumType+CoreDataProperties.swift */,
				A67977D61BB11994007F298D /* AlbumPage+CoreDataProperties.swift */,
				A67977D31BB11994007F298D /* AlbumSection+CoreDataProperties.swift */,
				A67977D91BB11994007F298D /* AlbumFamily+CoreDataProperties.swift */,
				A67977D21BB11994007F298D /* InventoryItem+CoreDataProperties.swift */,
				A67977D81BB11994007F298D /* DealerItem+CoreDataProperties.swift */,
				A67977D71BB11994007F298D /* Category+CoreDataProperties.swift */,
			);
			name = CoreDataRegeneratedEntities;
			sourceTree = "<group>";
		};
		A662C1E41B049DD90067792F /* minizip */ = {
			isa = PBXGroup;
			children = (
				A662C1E51B049DD90067792F /* crypt.h */,
				A662C1E61B049DD90067792F /* ioapi.c */,
				A662C1E71B049DD90067792F /* ioapi.h */,
				A662C1E81B049DD90067792F /* mztools.c */,
				A662C1E91B049DD90067792F /* mztools.h */,
				A662C1EA1B049DD90067792F /* unzip.c */,
				A662C1EB1B049DD90067792F /* unzip.h */,
				A662C1EC1B049DD90067792F /* zip.c */,
				A662C1ED1B049DD90067792F /* zip.h */,
			);
			name = minizip;
			path = ../ssziparchive/SSZipArchive/minizip;
			sourceTree = "<group>";
		};
		A672C9071BF932B500D0E031 /* ViewControllers */ = {
			isa = PBXGroup;
			children = (
				A6E1984C1AD6EEEC0090FDB1 /* BTCategoriesTableViewController.swift */,
				A61C11611AEA219B00063025 /* InfoItemsTableViewController.swift */,
				A66348101B20DAB900A4D225 /* InfoItemViewController.swift */,
				A69C300F1BE76E2900A9D39D /* AlbumCollectionViewController.swift */,
				A66FD28E1BE85CC600C7A2FD /* AlbumPageViewController.swift */,
				A66FD29A1BEC78EA00C7A2FD /* InventoryItemViewController.swift */,
				A6AA4E4E1B4DC43D007D9558 /* WebItemViewController.swift */,
				A60DBCB31AE38AD900D4959D /* BTItemsTableViewController.swift */,
				A61C115F1AEA217400063025 /* InfoCategoriesTableViewController.swift */,
				A6856E731B111AB6004B506E /* UpdatesTableViewController.swift */,
			);
			name = ViewControllers;
			sourceTree = "<group>";
		};
		A672C9081BF932E600D0E031 /* ViewsAndCells */ = {
			isa = PBXGroup;
			children = (
				A61996C21BECC12600F3BD01 /* InventoryItemView.swift */,
				A63965EF1BED528E00308F2F /* InventoryItemView.xib */,
				A69C30131BE78CD300A9D39D /* AlbumRefCell.swift */,
				A69C30111BE780E900A9D39D /* AlbumSectionHeaderView.swift */,
				A66FD2901BE86DE400C7A2FD /* InventoryItemCell.swift */,
				A66FD2941BEA916E00C7A2FD /* GradientView.swift */,
				A632F77C1B373AF8001C6EE1 /* ItemTableViewCell.swift */,
				A642FC111B13220C00D4B971 /* UpdateTableViewDoubleCell.swift */,
			);
			name = ViewsAndCells;
			sourceTree = "<group>";
		};
		A672C9091BF933F800D0E031 /* EntityExtensions */ = {
			isa = PBXGroup;
			children = (
				A6D0955E1AFA91F0007A1186 /* Category+Ex.swift */,
				A6D095601AFA92C6007A1186 /* DealerItem+Ex.swift */,
				A6D095621AFA92E3007A1186 /* InventoryItem+Ex.swift */,
				A6856E511B06FDF8004B506E /* AlbumType+Ex.swift */,
				A6856E531B06FE1B004B506E /* AlbumFamily+Ex.swift */,
				A6856E551B06FE3E004B506E /* AlbumRef+Ex.swift */,
				A6856E571B06FE5C004B506E /* AlbumSection+Ex.swift */,
				A6856E591B06FE78004B506E /* AlbumPage+Ex.swift */,
			);
			name = EntityExtensions;
			sourceTree = "<group>";
		};
		A672C90A1BF9343700D0E031 /* BaseEntities */ = {
			isa = PBXGroup;
			children = (
				A6856E691B071691004B506E /* AlbumRef.swift */,
				A6856E671B070DE9004B506E /* AlbumType.swift */,
				A6856E651B070D56004B506E /* AlbumPage.swift */,
				A6856E611B070D56004B506E /* AlbumFamily.swift */,
				A6856E5B1B070D55004B506E /* AlbumSection.swift */,
				A6856E5D1B070D56004B506E /* InventoryItem.swift */,
				A662C1CE1AFEAB020067792F /* DealerItem.swift */,
				A662C1CA1AFEAB010067792F /* Category.swift */,
			);
			name = BaseEntities;
			sourceTree = "<group>";
		};
		A6AA4ECC1B4F7583007D9558 /* TMCache */ = {
			isa = PBXGroup;
			children = (
				A6AA4EC21B4F756A007D9558 /* TMCache.h */,
				A6AA4EC31B4F756A007D9558 /* TMCache.m */,
				A6AA4EC41B4F756A007D9558 /* TMCacheBackgroundTaskManager.h */,
				A6AA4EC51B4F756A007D9558 /* TMDiskCache.h */,
				A6AA4EC61B4F756A007D9558 /* TMDiskCache.m */,
				A6AA4EC71B4F756A007D9558 /* TMMemoryCache.h */,
				A6AA4EC81B4F756A007D9558 /* TMMemoryCache.m */,
			);
			name = TMCache;
			sourceTree = "<group>";
		};
		A6C4339C1F1892CA00E6FC5B /* Batch UtilityTasks */ = {
			isa = PBXGroup;
			children = (
				A6C433981F1890B000E6FC5B /* UtilityTaskRunner.swift */,
				A6C4339A1F18920200E6FC5B /* UtilityTask.swift */,
				A68104051F0EDC480000272B /* ATMUtilities.swift */,
				A68104091F11F3050000272B /* BulletinUtilities.swift */,
				A68104031F0ED8720000272B /* InfoFolderUtilities.swift */,
			);
			name = "Batch UtilityTasks";
			sourceTree = "<group>";
		};
		A6E198391AD6EEEC0090FDB1 = {
			isa = PBXGroup;
			children = (
				A6E198441AD6EEEC0090FDB1 /* StampCollection */,
				A6E1985D1AD6EEEC0090FDB1 /* StampCollectionTests */,
				A6E198431AD6EEEC0090FDB1 /* Products */,
			);
			sourceTree = "<group>";
		};
		A6E198431AD6EEEC0090FDB1 /* Products */ = {
			isa = PBXGroup;
			children = (
				A6E198421AD6EEEC0090FDB1 /* StampCollection.app */,
				A6E1985A1AD6EEEC0090FDB1 /* StampCollectionTests.xctest */,
			);
			name = Products;
			sourceTree = "<group>";
		};
		A6E198441AD6EEEC0090FDB1 /* StampCollection */ = {
			isa = PBXGroup;
			children = (
				A6E1984E1AD6EEEC0090FDB1 /* Main.storyboard */,
				A6E198471AD6EEEC0090FDB1 /* AppDelegate.swift */,
				A6B34CFC1C671407001296F3 /* Stamp Collection Presentation by Michael L. Mehr.docx */,
				A6B34CFD1C671407001296F3 /* Stamp Diagram X.txt */,
				A6B34CFE1C671407001296F3 /* Stamp Diagram Y.txt */,
				A6E198511AD6EEEC0090FDB1 /* Images.xcassets */,
				A66348121B21384B00A4D225 /* noimage.png */,
				A6E198531AD6EEEC0090FDB1 /* LaunchScreen.xib */,
				A672C9071BF932B500D0E031 /* ViewControllers */,
				A672C9081BF932E600D0E031 /* ViewsAndCells */,
				A61C11651AEB781B00063025 /* ViewModel */,
				A6E198491AD6EEEC0090FDB1 /* StampCollection.xcdatamodeld */,
				A632CBB51AF2BBF000565686 /* NetworkServices */,
				A60DBC751ADC459E00D4959D /* Model */,
				A6E198451AD6EEEC0090FDB1 /* Supporting Files */,
			);
			path = StampCollection;
			sourceTree = "<group>";
		};
		A6E198451AD6EEEC0090FDB1 /* Supporting Files */ = {
			isa = PBXGroup;
			children = (
				A68104071F101F310000272B /* getItemDetails.js */,
				A632CBAB1AEEDBDD00565686 /* getJSItems.js */,
				A60DBCB71AE38C3400D4959D /* getItems.js */,
				A60DBCAF1AE19C3B00D4959D /* getCategories.js */,
				A60DBC731ADC36D600D4959D /* baitcfg.csv */,
				A60DBC6F1ADBC13600D4959D /* info.csv */,
				A60DBC701ADBC13600D4959D /* inventory.csv */,
				A662C1C21AFDFD520067792F /* inventory.corrupt.csv */,
				A6E198771AD7130A0090FDB1 /* StampCollection-Bridging-Header.h */,
				A6AA4ECC1B4F7583007D9558 /* TMCache */,
				A662C1E11B049D600067792F /* SSZipArchive.h */,
				A662C1E21B049D600067792F /* SSZipArchive.m */,
				A662C1E41B049DD90067792F /* minizip */,
				A6E198731AD712630090FDB1 /* CHCSVParser.h */,
				A6E198741AD712630090FDB1 /* CHCSVParser.m */,
				A6E198461AD6EEEC0090FDB1 /* Info.plist */,
			);
			name = "Supporting Files";
			sourceTree = "<group>";
		};
		A6E1985D1AD6EEEC0090FDB1 /* StampCollectionTests */ = {
			isa = PBXGroup;
			children = (
				A6E198601AD6EEEC0090FDB1 /* StampCollectionTests.swift */,
				A6E1985E1AD6EEEC0090FDB1 /* Supporting Files */,
			);
			path = StampCollectionTests;
			sourceTree = "<group>";
		};
		A6E1985E1AD6EEEC0090FDB1 /* Supporting Files */ = {
			isa = PBXGroup;
			children = (
				A6E1985F1AD6EEEC0090FDB1 /* Info.plist */,
			);
			name = "Supporting Files";
			sourceTree = "<group>";
		};
/* End PBXGroup section */

/* Begin PBXNativeTarget section */
		A6E198411AD6EEEC0090FDB1 /* StampCollection */ = {
			isa = PBXNativeTarget;
			buildConfigurationList = A6E198641AD6EEEC0090FDB1 /* Build configuration list for PBXNativeTarget "StampCollection" */;
			buildPhases = (
				A6E1983E1AD6EEEC0090FDB1 /* Sources */,
				A6E1983F1AD6EEEC0090FDB1 /* Frameworks */,
				A6E198401AD6EEEC0090FDB1 /* Resources */,
			);
			buildRules = (
			);
			dependencies = (
			);
			name = StampCollection;
			productName = StampCollection;
			productReference = A6E198421AD6EEEC0090FDB1 /* StampCollection.app */;
			productType = "com.apple.product-type.application";
		};
		A6E198591AD6EEEC0090FDB1 /* StampCollectionTests */ = {
			isa = PBXNativeTarget;
			buildConfigurationList = A6E198671AD6EEEC0090FDB1 /* Build configuration list for PBXNativeTarget "StampCollectionTests" */;
			buildPhases = (
				A6E198561AD6EEEC0090FDB1 /* Sources */,
				A6E198571AD6EEEC0090FDB1 /* Frameworks */,
				A6E198581AD6EEEC0090FDB1 /* Resources */,
			);
			buildRules = (
			);
			dependencies = (
				A6E1985C1AD6EEEC0090FDB1 /* PBXTargetDependency */,
			);
			name = StampCollectionTests;
			productName = StampCollectionTests;
			productReference = A6E1985A1AD6EEEC0090FDB1 /* StampCollectionTests.xctest */;
			productType = "com.apple.product-type.bundle.unit-test";
		};
/* End PBXNativeTarget section */

/* Begin PBXProject section */
		A6E1983A1AD6EEEC0090FDB1 /* Project object */ = {
			isa = PBXProject;
			attributes = {
				LastSwiftMigration = 0700;
				LastSwiftUpdateCheck = 0700;
				LastUpgradeCheck = 0800;
				ORGANIZATIONNAME = "Michael L. Mehr";
				TargetAttributes = {
					A6E198411AD6EEEC0090FDB1 = {
						CreatedOnToolsVersion = 6.2;
						DevelopmentTeam = BDYDNZNZ9M;
						LastSwiftMigration = 0800;
					};
					A6E198591AD6EEEC0090FDB1 = {
						CreatedOnToolsVersion = 6.2;
						LastSwiftMigration = 0800;
						TestTargetID = A6E198411AD6EEEC0090FDB1;
					};
				};
			};
			buildConfigurationList = A6E1983D1AD6EEEC0090FDB1 /* Build configuration list for PBXProject "StampCollection" */;
			compatibilityVersion = "Xcode 3.2";
			developmentRegion = English;
			hasScannedForEncodings = 0;
			knownRegions = (
				en,
				Base,
			);
			mainGroup = A6E198391AD6EEEC0090FDB1;
			productRefGroup = A6E198431AD6EEEC0090FDB1 /* Products */;
			projectDirPath = "";
			projectRoot = "";
			targets = (
				A6E198411AD6EEEC0090FDB1 /* StampCollection */,
				A6E198591AD6EEEC0090FDB1 /* StampCollectionTests */,
			);
		};
/* End PBXProject section */

/* Begin PBXResourcesBuildPhase section */
		A6E198401AD6EEEC0090FDB1 /* Resources */ = {
			isa = PBXResourcesBuildPhase;
			buildActionMask = 2147483647;
			files = (
				A60DBCB81AE38C3400D4959D /* getItems.js in Resources */,
				A632CBAC1AEEDBDD00565686 /* getJSItems.js in Resources */,
				A6B34D011C671407001296F3 /* Stamp Diagram Y.txt in Resources */,
				A662C1C31AFDFD520067792F /* inventory.corrupt.csv in Resources */,
				A60DBC721ADBC13600D4959D /* inventory.csv in Resources */,
				A66348131B21384B00A4D225 /* noimage.png in Resources */,
				A60DBC741ADC36D600D4959D /* baitcfg.csv in Resources */,
				A6E198501AD6EEEC0090FDB1 /* Main.storyboard in Resources */,
				A6B34D001C671407001296F3 /* Stamp Diagram X.txt in Resources */,
				A60DBCB01AE19C3B00D4959D /* getCategories.js in Resources */,
				A6E198551AD6EEEC0090FDB1 /* LaunchScreen.xib in Resources */,
				A60DBC711ADBC13600D4959D /* info.csv in Resources */,
				A68104081F101F310000272B /* getItemDetails.js in Resources */,
				A6B34CFF1C671407001296F3 /* Stamp Collection Presentation by Michael L. Mehr.docx in Resources */,
				A63965F01BED528E00308F2F /* InventoryItemView.xib in Resources */,
				A6E198521AD6EEEC0090FDB1 /* Images.xcassets in Resources */,
			);
			runOnlyForDeploymentPostprocessing = 0;
		};
		A6E198581AD6EEEC0090FDB1 /* Resources */ = {
			isa = PBXResourcesBuildPhase;
			buildActionMask = 2147483647;
			files = (
			);
			runOnlyForDeploymentPostprocessing = 0;
		};
/* End PBXResourcesBuildPhase section */

/* Begin PBXSourcesBuildPhase section */
		A6E1983E1AD6EEEC0090FDB1 /* Sources */ = {
			isa = PBXSourcesBuildPhase;
			buildActionMask = 2147483647;
			files = (
				A69C30101BE76E2900A9D39D /* AlbumCollectionViewController.swift in Sources */,
				A6856E741B111AB6004B506E /* UpdatesTableViewController.swift in Sources */,
				A632CBB21AEFE8F800565686 /* Basics.swift in Sources */,
				A6856E5A1B06FE78004B506E /* AlbumPage+Ex.swift in Sources */,
				A67977DA1BB11994007F298D /* InventoryItem+CoreDataProperties.swift in Sources */,
				A67977DB1BB11994007F298D /* AlbumSection+CoreDataProperties.swift in Sources */,
				A60DBCB41AE38AD900D4959D /* BTItemsTableViewController.swift in Sources */,
				A6856E521B06FDF8004B506E /* AlbumType+Ex.swift in Sources */,
				A60DBCB61AE38BDA00D4959D /* BTDealerItem.swift in Sources */,
				A632CBBD1AF6AC8B00565686 /* UIQueryAlert.swift in Sources */,
				A66348111B20DAB900A4D225 /* InfoItemViewController.swift in Sources */,
				A6856E581B06FE5C004B506E /* AlbumSection+Ex.swift in Sources */,
				A6856E541B06FE1B004B506E /* AlbumFamily+Ex.swift in Sources */,
				A60DBC771ADC463400D4959D /* ImportExport.swift in Sources */,
				A66FD2931BE8CFF700C7A2FD /* UIColor+Extensions.swift in Sources */,
				A6856E721B0EAB40004B506E /* BTImportExport.swift in Sources */,
				A6856E5C1B070D55004B506E /* AlbumSection.swift in Sources */,
				A662C1EF1B049DD90067792F /* mztools.c in Sources */,
				A61C115E1AE6F0F900063025 /* BTMessageDelegate.swift in Sources */,
				A632CBB41AF02C0800565686 /* EmailAttachmentImporter.swift in Sources */,
				A69C30141BE78CD300A9D39D /* AlbumRefCell.swift in Sources */,
				A6AA4ECA1B4F756A007D9558 /* TMDiskCache.m in Sources */,
				A662C1CF1AFEAB020067792F /* DealerItem.swift in Sources */,
				A632CBBB1AF538FD00565686 /* InfoUtilities.swift in Sources */,
				A6E198751AD712630090FDB1 /* CHCSVParser.m in Sources */,
				A681040C1F1365B50000272B /* BTItemDetails.swift in Sources */,
				A662C1EE1B049DD90067792F /* ioapi.c in Sources */,
				A6E1984D1AD6EEEC0090FDB1 /* BTCategoriesTableViewController.swift in Sources */,
				A66DE5C91EF9E556000A0066 /* InventoryUtilities.swift in Sources */,
				A66FD2991BEB45B400C7A2FD /* UIImageView+NetworkExtensions.swift in Sources */,
				A68104041F0ED8720000272B /* InfoFolderUtilities.swift in Sources */,
				A6C4339B1F18920200E6FC5B /* UtilityTask.swift in Sources */,
				A662C1CB1AFEAB010067792F /* Category.swift in Sources */,
				A66FD2911BE86DE400C7A2FD /* InventoryItemCell.swift in Sources */,
				A66FD28F1BE85CC600C7A2FD /* AlbumPageViewController.swift in Sources */,
				A6D0955F1AFA91F0007A1186 /* Category+Ex.swift in Sources */,
				A66348151B236FDA00A4D225 /* Regex.swift in Sources */,
				A6D095611AFA92C6007A1186 /* DealerItem+Ex.swift in Sources */,
				A61996C31BECC12600F3BD01 /* InventoryItemView.swift in Sources */,
				A67977DF1BB11994007F298D /* Category+CoreDataProperties.swift in Sources */,
				A66DE5C71EF858A9000A0066 /* InventoryBuilder.swift in Sources */,
				A67977E01BB11994007F298D /* DealerItem+CoreDataProperties.swift in Sources */,
				A6856E561B06FE3E004B506E /* AlbumRef+Ex.swift in Sources */,
				A632CBB71AF2E96F00565686 /* Filtering.swift in Sources */,
				A662C1F11B049DD90067792F /* zip.c in Sources */,
				A6E198481AD6EEEC0090FDB1 /* AppDelegate.swift in Sources */,
				A6E1984B1AD6EEEC0090FDB1 /* StampCollection.xcdatamodeld in Sources */,
				A6856E5E1B070D56004B506E /* InventoryItem.swift in Sources */,
				A681040A1F11F3050000272B /* BulletinUtilities.swift in Sources */,
				A66FD29B1BEC78EA00C7A2FD /* InventoryItemViewController.swift in Sources */,
				A6856E6C1B0ADBE9004B506E /* UpdateComparison.swift in Sources */,
				A632F77D1B373AF8001C6EE1 /* ItemTableViewCell.swift in Sources */,
				A69C30121BE780E900A9D39D /* AlbumSectionHeaderView.swift in Sources */,
				A6AA4ECB1B4F756A007D9558 /* TMMemoryCache.m in Sources */,
				A67977E11BB11994007F298D /* AlbumFamily+CoreDataProperties.swift in Sources */,
				A6856E6A1B071691004B506E /* AlbumRef.swift in Sources */,
				A66FD2971BEAC45000C7A2FD /* AlbumFamilyNavigator.swift in Sources */,
				A6856E661B070D56004B506E /* AlbumPage.swift in Sources */,
				A6E198791AD7A42D0090FDB1 /* InfoParserDelegate.swift in Sources */,
				A61C11621AEA219B00063025 /* InfoItemsTableViewController.swift in Sources */,
				A662C1E31B049D600067792F /* SSZipArchive.m in Sources */,
				A6856E621B070D56004B506E /* AlbumFamily.swift in Sources */,
				A642FC121B13220C00D4B971 /* UpdateTableViewDoubleCell.swift in Sources */,
				A61C11671AEB785B00063025 /* ViewUtilities.swift in Sources */,
				A60DBCB21AE1A34E00D4959D /* BTCategory.swift in Sources */,
				A6AA4E4F1B4DC43D007D9558 /* WebItemViewController.swift in Sources */,
				A67977DC1BB11994007F298D /* AlbumRef+CoreDataProperties.swift in Sources */,
				A61C115C1AE6DBB400063025 /* BTDealerStore.swift in Sources */,
				A61C11601AEA217400063025 /* InfoCategoriesTableViewController.swift in Sources */,
				A6C433991F1890B000E6FC5B /* UtilityTaskRunner.swift in Sources */,
				A67977DE1BB11994007F298D /* AlbumPage+CoreDataProperties.swift in Sources */,
				A6AA4EC91B4F756A007D9558 /* TMCache.m in Sources */,
				A67977DD1BB11994007F298D /* AlbumType+CoreDataProperties.swift in Sources */,
				A66FD2951BEA916E00C7A2FD /* GradientView.swift in Sources */,
				A65232E61AF8261900A86FAC /* ViewSorting.swift in Sources */,
				A662C1F01B049DD90067792F /* unzip.c in Sources */,
				A632CBAE1AEF2B8800565686 /* JSMessageDelegate.swift in Sources */,
				A6AA4E491B4CF882007D9558 /* ItemPicURL.swift in Sources */,
				A6856E681B070DE9004B506E /* AlbumType.swift in Sources */,
				A68104061F0EDC480000272B /* ATMUtilities.swift in Sources */,
				A6D095631AFA92E3007A1186 /* InventoryItem+Ex.swift in Sources */,
				A61C11641AEADCD900063025 /* CollectionStore.swift in Sources */,
				A632CBB91AF35D2A00565686 /* ViewFiltering.swift in Sources */,
				A632CBB01AEFE15900565686 /* EmailAttachmentExporter.swift in Sources */,
			);
			runOnlyForDeploymentPostprocessing = 0;
		};
		A6E198561AD6EEEC0090FDB1 /* Sources */ = {
			isa = PBXSourcesBuildPhase;
			buildActionMask = 2147483647;
			files = (
				A6E198611AD6EEEC0090FDB1 /* StampCollectionTests.swift in Sources */,
			);
			runOnlyForDeploymentPostprocessing = 0;
		};
/* End PBXSourcesBuildPhase section */

/* Begin PBXTargetDependency section */
		A6E1985C1AD6EEEC0090FDB1 /* PBXTargetDependency */ = {
			isa = PBXTargetDependency;
			target = A6E198411AD6EEEC0090FDB1 /* StampCollection */;
			targetProxy = A6E1985B1AD6EEEC0090FDB1 /* PBXContainerItemProxy */;
		};
/* End PBXTargetDependency section */

/* Begin PBXVariantGroup section */
		A6E1984E1AD6EEEC0090FDB1 /* Main.storyboard */ = {
			isa = PBXVariantGroup;
			children = (
				A6E1984F1AD6EEEC0090FDB1 /* Base */,
			);
			name = Main.storyboard;
			sourceTree = "<group>";
		};
		A6E198531AD6EEEC0090FDB1 /* LaunchScreen.xib */ = {
			isa = PBXVariantGroup;
			children = (
				A6E198541AD6EEEC0090FDB1 /* Base */,
			);
			name = LaunchScreen.xib;
			sourceTree = "<group>";
		};
/* End PBXVariantGroup section */

/* Begin XCBuildConfiguration section */
		A6E198621AD6EEEC0090FDB1 /* Debug */ = {
			isa = XCBuildConfiguration;
			buildSettings = {
				ALWAYS_SEARCH_USER_PATHS = NO;
				CLANG_CXX_LANGUAGE_STANDARD = "gnu++0x";
				CLANG_CXX_LIBRARY = "libc++";
				CLANG_ENABLE_MODULES = YES;
				CLANG_ENABLE_OBJC_ARC = YES;
				CLANG_WARN_BOOL_CONVERSION = YES;
				CLANG_WARN_CONSTANT_CONVERSION = YES;
				CLANG_WARN_DIRECT_OBJC_ISA_USAGE = YES_ERROR;
				CLANG_WARN_EMPTY_BODY = YES;
				CLANG_WARN_ENUM_CONVERSION = YES;
				CLANG_WARN_INFINITE_RECURSION = YES;
				CLANG_WARN_INT_CONVERSION = YES;
				CLANG_WARN_OBJC_ROOT_CLASS = YES_ERROR;
				CLANG_WARN_SUSPICIOUS_MOVE = YES;
				CLANG_WARN_UNREACHABLE_CODE = YES;
				CLANG_WARN__DUPLICATE_METHOD_MATCH = YES;
				"CODE_SIGN_IDENTITY[sdk=iphoneos*]" = "iPhone Developer";
				COPY_PHASE_STRIP = NO;
				ENABLE_STRICT_OBJC_MSGSEND = YES;
				ENABLE_TESTABILITY = YES;
				FRAMEWORK_SEARCH_PATHS = "";
				GCC_C_LANGUAGE_STANDARD = gnu99;
				GCC_DYNAMIC_NO_PIC = NO;
				GCC_NO_COMMON_BLOCKS = YES;
				GCC_OPTIMIZATION_LEVEL = 0;
				GCC_PREPROCESSOR_DEFINITIONS = (
					"DEBUG=1",
					"$(inherited)",
				);
				GCC_SYMBOLS_PRIVATE_EXTERN = NO;
				GCC_WARN_64_TO_32_BIT_CONVERSION = YES;
				GCC_WARN_ABOUT_RETURN_TYPE = YES_ERROR;
				GCC_WARN_UNDECLARED_SELECTOR = YES;
				GCC_WARN_UNINITIALIZED_AUTOS = YES_AGGRESSIVE;
				GCC_WARN_UNUSED_FUNCTION = YES;
				GCC_WARN_UNUSED_VARIABLE = YES;
				IPHONEOS_DEPLOYMENT_TARGET = 9.0;
				MTL_ENABLE_DEBUG_INFO = YES;
				ONLY_ACTIVE_ARCH = YES;
				OTHER_LDFLAGS = "-lz";
				SDKROOT = iphoneos;
				SWIFT_OPTIMIZATION_LEVEL = "-Onone";
				TARGETED_DEVICE_FAMILY = "1,2";
			};
			name = Debug;
		};
		A6E198631AD6EEEC0090FDB1 /* Release */ = {
			isa = XCBuildConfiguration;
			buildSettings = {
				ALWAYS_SEARCH_USER_PATHS = NO;
				CLANG_CXX_LANGUAGE_STANDARD = "gnu++0x";
				CLANG_CXX_LIBRARY = "libc++";
				CLANG_ENABLE_MODULES = YES;
				CLANG_ENABLE_OBJC_ARC = YES;
				CLANG_WARN_BOOL_CONVERSION = YES;
				CLANG_WARN_CONSTANT_CONVERSION = YES;
				CLANG_WARN_DIRECT_OBJC_ISA_USAGE = YES_ERROR;
				CLANG_WARN_EMPTY_BODY = YES;
				CLANG_WARN_ENUM_CONVERSION = YES;
				CLANG_WARN_INFINITE_RECURSION = YES;
				CLANG_WARN_INT_CONVERSION = YES;
				CLANG_WARN_OBJC_ROOT_CLASS = YES_ERROR;
				CLANG_WARN_SUSPICIOUS_MOVE = YES;
				CLANG_WARN_UNREACHABLE_CODE = YES;
				CLANG_WARN__DUPLICATE_METHOD_MATCH = YES;
				"CODE_SIGN_IDENTITY[sdk=iphoneos*]" = "iPhone Developer";
				COPY_PHASE_STRIP = NO;
				ENABLE_NS_ASSERTIONS = NO;
				ENABLE_STRICT_OBJC_MSGSEND = YES;
				FRAMEWORK_SEARCH_PATHS = "";
				GCC_C_LANGUAGE_STANDARD = gnu99;
				GCC_NO_COMMON_BLOCKS = YES;
				GCC_WARN_64_TO_32_BIT_CONVERSION = YES;
				GCC_WARN_ABOUT_RETURN_TYPE = YES_ERROR;
				GCC_WARN_UNDECLARED_SELECTOR = YES;
				GCC_WARN_UNINITIALIZED_AUTOS = YES_AGGRESSIVE;
				GCC_WARN_UNUSED_FUNCTION = YES;
				GCC_WARN_UNUSED_VARIABLE = YES;
				IPHONEOS_DEPLOYMENT_TARGET = 9.0;
				MTL_ENABLE_DEBUG_INFO = NO;
				OTHER_LDFLAGS = "-lz";
				SDKROOT = iphoneos;
				SWIFT_OPTIMIZATION_LEVEL = "-Owholemodule";
				TARGETED_DEVICE_FAMILY = "1,2";
				VALIDATE_PRODUCT = YES;
			};
			name = Release;
		};
		A6E198651AD6EEEC0090FDB1 /* Debug */ = {
			isa = XCBuildConfiguration;
			buildSettings = {
				ASSETCATALOG_COMPILER_APPICON_NAME = AppIcon;
				CODE_SIGN_IDENTITY = "iPhone Developer";
				"CODE_SIGN_IDENTITY[sdk=iphoneos*]" = "iPhone Developer";
				DEBUG_INFORMATION_FORMAT = dwarf;
				INFOPLIST_FILE = StampCollection/Info.plist;
				LD_RUNPATH_SEARCH_PATHS = "$(inherited) @executable_path/Frameworks";
				LIBRARY_SEARCH_PATHS = (
					"$(inherited)",
					"$(PROJECT_DIR)/StampCollection",
				);
				OTHER_LDFLAGS = "-lz";
				PRODUCT_BUNDLE_IDENTIFIER = "com.azuresults.$(PRODUCT_NAME:rfc1034identifier)";
				PRODUCT_NAME = "$(TARGET_NAME)";
				PROVISIONING_PROFILE = "";
				SWIFT_OBJC_BRIDGING_HEADER = "/Users/mikemehr/Documents/Projects/StampCollection/StampCollection/StampCollection-Bridging-Header.h";
				SWIFT_VERSION = 3.0;
			};
			name = Debug;
		};
		A6E198661AD6EEEC0090FDB1 /* Release */ = {
			isa = XCBuildConfiguration;
			buildSettings = {
				ASSETCATALOG_COMPILER_APPICON_NAME = AppIcon;
				CODE_SIGN_IDENTITY = "iPhone Developer";
				"CODE_SIGN_IDENTITY[sdk=iphoneos*]" = "iPhone Developer";
				INFOPLIST_FILE = StampCollection/Info.plist;
				LD_RUNPATH_SEARCH_PATHS = "$(inherited) @executable_path/Frameworks";
				LIBRARY_SEARCH_PATHS = (
					"$(inherited)",
					"$(PROJECT_DIR)/StampCollection",
				);
				OTHER_LDFLAGS = "-lz";
				PRODUCT_BUNDLE_IDENTIFIER = "com.azuresults.$(PRODUCT_NAME:rfc1034identifier)";
				PRODUCT_NAME = "$(TARGET_NAME)";
				PROVISIONING_PROFILE = "";
				SWIFT_OBJC_BRIDGING_HEADER = "/Users/mikemehr/Documents/Projects/StampCollection/StampCollection/StampCollection-Bridging-Header.h";
				SWIFT_VERSION = 3.0;
			};
			name = Release;
		};
		A6E198681AD6EEEC0090FDB1 /* Debug */ = {
			isa = XCBuildConfiguration;
			buildSettings = {
				BUNDLE_LOADER = "$(TEST_HOST)";
				FRAMEWORK_SEARCH_PATHS = (
					"$(SDKROOT)/Developer/Library/Frameworks",
					"$(inherited)",
				);
				GCC_PREPROCESSOR_DEFINITIONS = (
					"DEBUG=1",
					"$(inherited)",
				);
				INFOPLIST_FILE = StampCollectionTests/Info.plist;
				LD_RUNPATH_SEARCH_PATHS = "$(inherited) @executable_path/Frameworks @loader_path/Frameworks";
				PRODUCT_BUNDLE_IDENTIFIER = "com.azuresults.$(PRODUCT_NAME:rfc1034identifier)";
				PRODUCT_NAME = "$(TARGET_NAME)";
				SWIFT_VERSION = 3.0;
				TEST_HOST = "$(BUILT_PRODUCTS_DIR)/StampCollection.app/StampCollection";
			};
			name = Debug;
		};
		A6E198691AD6EEEC0090FDB1 /* Release */ = {
			isa = XCBuildConfiguration;
			buildSettings = {
				BUNDLE_LOADER = "$(TEST_HOST)";
				FRAMEWORK_SEARCH_PATHS = (
					"$(SDKROOT)/Developer/Library/Frameworks",
					"$(inherited)",
				);
				INFOPLIST_FILE = StampCollectionTests/Info.plist;
				LD_RUNPATH_SEARCH_PATHS = "$(inherited) @executable_path/Frameworks @loader_path/Frameworks";
				PRODUCT_BUNDLE_IDENTIFIER = "com.azuresults.$(PRODUCT_NAME:rfc1034identifier)";
				PRODUCT_NAME = "$(TARGET_NAME)";
				SWIFT_VERSION = 3.0;
				TEST_HOST = "$(BUILT_PRODUCTS_DIR)/StampCollection.app/StampCollection";
			};
			name = Release;
		};
/* End XCBuildConfiguration section */

/* Begin XCConfigurationList section */
		A6E1983D1AD6EEEC0090FDB1 /* Build configuration list for PBXProject "StampCollection" */ = {
			isa = XCConfigurationList;
			buildConfigurations = (
				A6E198621AD6EEEC0090FDB1 /* Debug */,
				A6E198631AD6EEEC0090FDB1 /* Release */,
			);
			defaultConfigurationIsVisible = 0;
			defaultConfigurationName = Release;
		};
		A6E198641AD6EEEC0090FDB1 /* Build configuration list for PBXNativeTarget "StampCollection" */ = {
			isa = XCConfigurationList;
			buildConfigurations = (
				A6E198651AD6EEEC0090FDB1 /* Debug */,
				A6E198661AD6EEEC0090FDB1 /* Release */,
			);
			defaultConfigurationIsVisible = 0;
			defaultConfigurationName = Release;
		};
		A6E198671AD6EEEC0090FDB1 /* Build configuration list for PBXNativeTarget "StampCollectionTests" */ = {
			isa = XCConfigurationList;
			buildConfigurations = (
				A6E198681AD6EEEC0090FDB1 /* Debug */,
				A6E198691AD6EEEC0090FDB1 /* Release */,
			);
			defaultConfigurationIsVisible = 0;
			defaultConfigurationName = Release;
		};
/* End XCConfigurationList section */

/* Begin XCVersionGroup section */
		A6E198491AD6EEEC0090FDB1 /* StampCollection.xcdatamodeld */ = {
			isa = XCVersionGroup;
			children = (
				A6E1984A1AD6EEEC0090FDB1 /* StampCollection.xcdatamodel */,
			);
			currentVersion = A6E1984A1AD6EEEC0090FDB1 /* StampCollection.xcdatamodel */;
			path = StampCollection.xcdatamodeld;
			sourceTree = "<group>";
			versionGroupType = wrapper.xcdatamodel;
		};
/* End XCVersionGroup section */
	};
	rootObject = A6E1983A1AD6EEEC0090FDB1 /* Project object */;
}
